// !$*UTF8*$!
{
	archiveVersion = 1;
	classes = {
	};
	objectVersion = 50;
	objects = {

/* Begin PBXBuildFile section */
		A7A7E00F20862BD100A98288 /* AppDelegate.swift in Sources */ = {isa = PBXBuildFile; fileRef = A7A7E00E20862BD100A98288 /* AppDelegate.swift */; };
		A7A7E01120862BD100A98288 /* GameScene.sks in Resources */ = {isa = PBXBuildFile; fileRef = A7A7E01020862BD100A98288 /* GameScene.sks */; };
		A7A7E01320862BD100A98288 /* Actions.sks in Resources */ = {isa = PBXBuildFile; fileRef = A7A7E01220862BD100A98288 /* Actions.sks */; };
		A7A7E01520862BD100A98288 /* GameScene.swift in Sources */ = {isa = PBXBuildFile; fileRef = A7A7E01420862BD100A98288 /* GameScene.swift */; };
		A7A7E01720862BD100A98288 /* ViewController.swift in Sources */ = {isa = PBXBuildFile; fileRef = A7A7E01620862BD100A98288 /* ViewController.swift */; };
		A7A7E01920862BD200A98288 /* Assets.xcassets in Resources */ = {isa = PBXBuildFile; fileRef = A7A7E01820862BD200A98288 /* Assets.xcassets */; };
		A7A7E01C20862BD200A98288 /* Main.storyboard in Resources */ = {isa = PBXBuildFile; fileRef = A7A7E01A20862BD200A98288 /* Main.storyboard */; };
/* End PBXBuildFile section */

/* Begin PBXFileReference section */
		A7A7E00B20862BD100A98288 /* HnSMovement.app */ = {isa = PBXFileReference; explicitFileType = wrapper.application; includeInIndex = 0; path = HnSMovement.app; sourceTree = BUILT_PRODUCTS_DIR; };
		A7A7E00E20862BD100A98288 /* AppDelegate.swift */ = {isa = PBXFileReference; lastKnownFileType = sourcecode.swift; path = AppDelegate.swift; sourceTree = "<group>"; };
		A7A7E01020862BD100A98288 /* GameScene.sks */ = {isa = PBXFileReference; lastKnownFileType = file.sks; path = GameScene.sks; sourceTree = "<group>"; };
		A7A7E01220862BD100A98288 /* Actions.sks */ = {isa = PBXFileReference; lastKnownFileType = file.sks; path = Actions.sks; sourceTree = "<group>"; };
		A7A7E01420862BD100A98288 /* GameScene.swift */ = {isa = PBXFileReference; lastKnownFileType = sourcecode.swift; path = GameScene.swift; sourceTree = "<group>"; };
		A7A7E01620862BD100A98288 /* ViewController.swift */ = {isa = PBXFileReference; lastKnownFileType = sourcecode.swift; path = ViewController.swift; sourceTree = "<group>"; };
		A7A7E01820862BD200A98288 /* Assets.xcassets */ = {isa = PBXFileReference; lastKnownFileType = folder.assetcatalog; path = Assets.xcassets; sourceTree = "<group>"; };
		A7A7E01B20862BD200A98288 /* Base */ = {isa = PBXFileReference; lastKnownFileType = file.storyboard; name = Base; path = Base.lproj/Main.storyboard; sourceTree = "<group>"; };
		A7A7E01D20862BD200A98288 /* Info.plist */ = {isa = PBXFileReference; lastKnownFileType = text.plist.xml; path = Info.plist; sourceTree = "<group>"; };
		A7A7E01E20862BD200A98288 /* HnSMovement.entitlements */ = {isa = PBXFileReference; lastKnownFileType = text.plist.entitlements; path = HnSMovement.entitlements; sourceTree = "<group>"; };
/* End PBXFileReference section */

/* Begin PBXFrameworksBuildPhase section */
		A7A7E00820862BD100A98288 /* Frameworks */ = {
			isa = PBXFrameworksBuildPhase;
			buildActionMask = 2147483647;
			files = (
			);
			runOnlyForDeploymentPostprocessing = 0;
		};
/* End PBXFrameworksBuildPhase section */

/* Begin PBXGroup section */
		A7A7E00220862BD100A98288 = {
			isa = PBXGroup;
			children = (
				A7A7E00D20862BD100A98288 /* HnSMovement */,
				A7A7E00C20862BD100A98288 /* Products */,
			);
			sourceTree = "<group>";
		};
		A7A7E00C20862BD100A98288 /* Products */ = {
			isa = PBXGroup;
			children = (
				A7A7E00B20862BD100A98288 /* HnSMovement.app */,
			);
			name = Products;
			sourceTree = "<group>";
		};
		A7A7E00D20862BD100A98288 /* HnSMovement */ = {
			isa = PBXGroup;
			children = (
				A7A7E00E20862BD100A98288 /* AppDelegate.swift */,
				A7A7E01020862BD100A98288 /* GameScene.sks */,
				A7A7E01220862BD100A98288 /* Actions.sks */,
				A7A7E01420862BD100A98288 /* GameScene.swift */,
				A7A7E01620862BD100A98288 /* ViewController.swift */,
				A7A7E01820862BD200A98288 /* Assets.xcassets */,
				A7A7E01A20862BD200A98288 /* Main.storyboard */,
				A7A7E01D20862BD200A98288 /* Info.plist */,
				A7A7E01E20862BD200A98288 /* HnSMovement.entitlements */,
			);
			path = HnSMovement;
			sourceTree = "<group>";
		};
/* End PBXGroup section */

/* Begin PBXNativeTarget section */
		A7A7E00A20862BD100A98288 /* HnSMovement */ = {
			isa = PBXNativeTarget;
			buildConfigurationList = A7A7E02120862BD200A98288 /* Build configuration list for PBXNativeTarget "HnSMovement" */;
			buildPhases = (
				A7A7E00720862BD100A98288 /* Sources */,
				A7A7E00820862BD100A98288 /* Frameworks */,
				A7A7E00920862BD100A98288 /* Resources */,
			);
			buildRules = (
			);
			dependencies = (
			);
			name = HnSMovement;
			productName = HnSMovement;
			productReference = A7A7E00B20862BD100A98288 /* HnSMovement.app */;
			productType = "com.apple.product-type.application";
		};
/* End PBXNativeTarget section */

/* Begin PBXProject section */
		A7A7E00320862BD100A98288 /* Project object */ = {
			isa = PBXProject;
			attributes = {
				LastSwiftUpdateCheck = 0930;
				LastUpgradeCheck = 0930;
				ORGANIZATIONNAME = maurrandrea;
				TargetAttributes = {
					A7A7E00A20862BD100A98288 = {
						CreatedOnToolsVersion = 9.3;
					};
				};
			};
			buildConfigurationList = A7A7E00620862BD100A98288 /* Build configuration list for PBXProject "HnSMovement" */;
			compatibilityVersion = "Xcode 9.3";
			developmentRegion = en;
			hasScannedForEncodings = 0;
			knownRegions = (
				en,
				Base,
			);
			mainGroup = A7A7E00220862BD100A98288;
			productRefGroup = A7A7E00C20862BD100A98288 /* Products */;
			projectDirPath = "";
			projectRoot = "";
			targets = (
				A7A7E00A20862BD100A98288 /* HnSMovement */,
			);
		};
/* End PBXProject section */

/* Begin PBXResourcesBuildPhase section */
		A7A7E00920862BD100A98288 /* Resources */ = {
			isa = PBXResourcesBuildPhase;
			buildActionMask = 2147483647;
			files = (
				A7A7E01120862BD100A98288 /* GameScene.sks in Resources */,
				A7A7E01920862BD200A98288 /* Assets.xcassets in Resources */,
				A7A7E01320862BD100A98288 /* Actions.sks in Resources */,
				A7A7E01C20862BD200A98288 /* Main.storyboard in Resources */,
			);
			runOnlyForDeploymentPostprocessing = 0;
		};
/* End PBXResourcesBuildPhase section */

/* Begin PBXSourcesBuildPhase section */
		A7A7E00720862BD100A98288 /* Sources */ = {
			isa = PBXSourcesBuildPhase;
			buildActionMask = 2147483647;
			files = (
				A7A7E01720862BD100A98288 /* ViewController.swift in Sources */,
				A7A7E01520862BD100A98288 /* GameScene.swift in Sources */,
				A7A7E00F20862BD100A98288 /* AppDelegate.swift in Sources */,
			);
			runOnlyForDeploymentPostprocessing = 0;
		};
/* End PBXSourcesBuildPhase section */

/* Begin PBXVariantGroup section */
		A7A7E01A20862BD200A98288 /* Main.storyboard */ = {
			isa = PBXVariantGroup;
			children = (
				A7A7E01B20862BD200A98288 /* Base */,
			);
			name = Main.storyboard;
			sourceTree = "<group>";
		};
/* End PBXVariantGroup section */

/* Begin XCBuildConfiguration section */
		A7A7E01F20862BD200A98288 /* Debug */ = {
			isa = XCBuildConfiguration;
			buildSettings = {
				ALWAYS_SEARCH_USER_PATHS = NO;
				CLANG_ANALYZER_NONNULL = YES;
				CLANG_ANALYZER_NUMBER_OBJECT_CONVERSION = YES_AGGRESSIVE;
				CLANG_CXX_LANGUAGE_STANDARD = "gnu++14";
				CLANG_CXX_LIBRARY = "libc++";
				CLANG_ENABLE_MODULES = YES;
				CLANG_ENABLE_OBJC_ARC = YES;
				CLANG_ENABLE_OBJC_WEAK = YES;
				CLANG_WARN_BLOCK_CAPTURE_AUTORELEASING = YES;
				CLANG_WARN_BOOL_CONVERSION = YES;
				CLANG_WARN_COMMA = YES;
				CLANG_WARN_CONSTANT_CONVERSION = YES;
				CLANG_WARN_DEPRECATED_OBJC_IMPLEMENTATIONS = YES;
				CLANG_WARN_DIRECT_OBJC_ISA_USAGE = YES_ERROR;
				CLANG_WARN_DOCUMENTATION_COMMENTS = YES;
				CLANG_WARN_EMPTY_BODY = YES;
				CLANG_WARN_ENUM_CONVERSION = YES;
				CLANG_WARN_INFINITE_RECURSION = YES;
				CLANG_WARN_INT_CONVERSION = YES;
				CLANG_WARN_NON_LITERAL_NULL_CONVERSION = YES;
				CLANG_WARN_OBJC_IMPLICIT_RETAIN_SELF = YES;
				CLANG_WARN_OBJC_LITERAL_CONVERSION = YES;
				CLANG_WARN_OBJC_ROOT_CLASS = YES_ERROR;
				CLANG_WARN_RANGE_LOOP_ANALYSIS = YES;
				CLANG_WARN_STRICT_PROTOTYPES = YES;
				CLANG_WARN_SUSPICIOUS_MOVE = YES;
				CLANG_WARN_UNGUARDED_AVAILABILITY = YES_AGGRESSIVE;
				CLANG_WARN_UNREACHABLE_CODE = YES;
				CLANG_WARN__DUPLICATE_METHOD_MATCH = YES;
				CODE_SIGN_IDENTITY = "Mac Developer";
				COPY_PHASE_STRIP = NO;
				DEBUG_INFORMATION_FORMAT = dwarf;
				ENABLE_STRICT_OBJC_MSGSEND = YES;
				ENABLE_TESTABILITY = YES;
				GCC_C_LANGUAGE_STANDARD = gnu11;
				GCC_DYNAMIC_NO_PIC = NO;
				GCC_NO_COMMON_BLOCKS = YES;
				GCC_OPTIMIZATION_LEVEL = 0;
				GCC_PREPROCESSOR_DEFINITIONS = (
					"DEBUG=1",
					"$(inherited)",
				);
				GCC_WARN_64_TO_32_BIT_CONVERSION = YES;
				GCC_WARN_ABOUT_RETURN_TYPE = YES_ERROR;
				GCC_WARN_UNDECLARED_SELECTOR = YES;
				GCC_WARN_UNINITIALIZED_AUTOS = YES_AGGRESSIVE;
				GCC_WARN_UNUSED_FUNCTION = YES;
				GCC_WARN_UNUSED_VARIABLE = YES;
				MACOSX_DEPLOYMENT_TARGET = 10.13;
				MTL_ENABLE_DEBUG_INFO = YES;
				ONLY_ACTIVE_ARCH = YES;
				SDKROOT = macosx;
				SWIFT_ACTIVE_COMPILATION_CONDITIONS = DEBUG;
				SWIFT_OPTIMIZATION_LEVEL = "-Onone";
			};
			name = Debug;
		};
		A7A7E02020862BD200A98288 /* Release */ = {
			isa = XCBuildConfiguration;
			buildSettings = {
				ALWAYS_SEARCH_USER_PATHS = NO;
				CLANG_ANALYZER_NONNULL = YES;
				CLANG_ANALYZER_NUMBER_OBJECT_CONVERSION = YES_AGGRESSIVE;
				CLANG_CXX_LANGUAGE_STANDARD = "gnu++14";
				CLANG_CXX_LIBRARY = "libc++";
				CLANG_ENABLE_MODULES = YES;
				CLANG_ENABLE_OBJC_ARC = YES;
				CLANG_ENABLE_OBJC_WEAK = YES;
				CLANG_WARN_BLOCK_CAPTURE_AUTORELEASING = YES;
				CLANG_WARN_BOOL_CONVERSION = YES;
				CLANG_WARN_COMMA = YES;
				CLANG_WARN_CONSTANT_CONVERSION = YES;
				CLANG_WARN_DEPRECATED_OBJC_IMPLEMENTATIONS = YES;
				CLANG_WARN_DIRECT_OBJC_ISA_USAGE = YES_ERROR;
				CLANG_WARN_DOCUMENTATION_COMMENTS = YES;
				CLANG_WARN_EMPTY_BODY = YES;
				CLANG_WARN_ENUM_CONVERSION = YES;
				CLANG_WARN_INFINITE_RECURSION = YES;
				CLANG_WARN_INT_CONVERSION = YES;
				CLANG_WARN_NON_LITERAL_NULL_CONVERSION = YES;
				CLANG_WARN_OBJC_IMPLICIT_RETAIN_SELF = YES;
				CLANG_WARN_OBJC_LITERAL_CONVERSION = YES;
				CLANG_WARN_OBJC_ROOT_CLASS = YES_ERROR;
				CLANG_WARN_RANGE_LOOP_ANALYSIS = YES;
				CLANG_WARN_STRICT_PROTOTYPES = YES;
				CLANG_WARN_SUSPICIOUS_MOVE = YES;
				CLANG_WARN_UNGUARDED_AVAILABILITY = YES_AGGRESSIVE;
				CLANG_WARN_UNREACHABLE_CODE = YES;
				CLANG_WARN__DUPLICATE_METHOD_MATCH = YES;
				CODE_SIGN_IDENTITY = "Mac Developer";
				COPY_PHASE_STRIP = NO;
				DEBUG_INFORMATION_FORMAT = "dwarf-with-dsym";
				ENABLE_NS_ASSERTIONS = NO;
				ENABLE_STRICT_OBJC_MSGSEND = YES;
				GCC_C_LANGUAGE_STANDARD = gnu11;
				GCC_NO_COMMON_BLOCKS = YES;
				GCC_WARN_64_TO_32_BIT_CONVERSION = YES;
				GCC_WARN_ABOUT_RETURN_TYPE = YES_ERROR;
				GCC_WARN_UNDECLARED_SELECTOR = YES;
				GCC_WARN_UNINITIALIZED_AUTOS = YES_AGGRESSIVE;
				GCC_WARN_UNUSED_FUNCTION = YES;
				GCC_WARN_UNUSED_VARIABLE = YES;
				MACOSX_DEPLOYMENT_TARGET = 10.13;
				MTL_ENABLE_DEBUG_INFO = NO;
				SDKROOT = macosx;
				SWIFT_COMPILATION_MODE = wholemodule;
				SWIFT_OPTIMIZATION_LEVEL = "-O";
			};
			name = Release;
		};
		A7A7E02220862BD200A98288 /* Debug */ = {
			isa = XCBuildConfiguration;
			buildSettings = {
				ASSETCATALOG_COMPILER_APPICON_NAME = AppIcon;
				CODE_SIGN_ENTITLEMENTS = HnSMovement/HnSMovement.entitlements;
				CODE_SIGN_STYLE = Automatic;
				COMBINE_HIDPI_IMAGES = YES;
				DEVELOPMENT_TEAM = J3XFT964L7;
				INFOPLIST_FILE = HnSMovement/Info.plist;
				LD_RUNPATH_SEARCH_PATHS = (
					"$(inherited)",
					"@executable_path/../Frameworks",
				);
				PRODUCT_BUNDLE_IDENTIFIER = com.cose.lollibus.HnSMovement;
				PRODUCT_NAME = "$(TARGET_NAME)";
				SWIFT_VERSION = 4.0;
			};
			name = Debug;
		};
		A7A7E02320862BD200A98288 /* Release */ = {
			isa = XCBuildConfiguration;
			buildSettings = {
				ASSETCATALOG_COMPILER_APPICON_NAME = AppIcon;
				CODE_SIGN_ENTITLEMENTS = HnSMovement/HnSMovement.entitlements;
				CODE_SIGN_STYLE = Automatic;
				COMBINE_HIDPI_IMAGES = YES;
				DEVELOPMENT_TEAM = J3XFT964L7;
				INFOPLIST_FILE = HnSMovement/Info.plist;
				LD_RUNPATH_SEARCH_PATHS = (
					"$(inherited)",
					"@executable_path/../Frameworks",
				);
				PRODUCT_BUNDLE_IDENTIFIER = com.cose.lollibus.HnSMovement;
				PRODUCT_NAME = "$(TARGET_NAME)";
				SWIFT_VERSION = 4.0;
			};
			name = Release;
		};
/* End XCBuildConfiguration section */

/* Begin XCConfigurationList section */
		A7A7E00620862BD100A98288 /* Build configuration list for PBXProject "HnSMovement" */ = {
			isa = XCConfigurationList;
			buildConfigurations = (
				A7A7E01F20862BD200A98288 /* Debug */,
				A7A7E02020862BD200A98288 /* Release */,
			);
			defaultConfigurationIsVisible = 0;
			defaultConfigurationName = Release;
		};
		A7A7E02120862BD200A98288 /* Build configuration list for PBXNativeTarget "HnSMovement" */ = {
			isa = XCConfigurationList;
			buildConfigurations = (
				A7A7E02220862BD200A98288 /* Debug */,
				A7A7E02320862BD200A98288 /* Release */,
			);
			defaultConfigurationIsVisible = 0;
			defaultConfigurationName = Release;
		};
/* End XCConfigurationList section */
	};
	rootObject = A7A7E00320862BD100A98288 /* Project object */;
}
